
Microsoft Visual Studio Solution File, Format Version 12.00
# Visual Studio Version 16
VisualStudioVersion = 16.0.30523.141
MinimumVisualStudioVersion = 10.0.40219.1
Project("{FAE04EC0-301F-11D3-BF4B-00C04F79EFBC}") = "Calalb_Ana_Lab5", "Calalb_Ana_Lab5.csproj", "{DFEF267C-C430-4609-99F4-575239F4F8B6}"
EndProject
Global
	GlobalSection(SolutionConfigurationPlatforms) = preSolution
		Debug|Any CPU = Debug|Any CPU
		Release|Any CPU = Release|Any CPU
	EndGlobalSection
	GlobalSection(ProjectConfigurationPlatforms) = postSolution
		{DFEF267C-C430-4609-99F4-575239F4F8B6}.Debug|Any CPU.ActiveCfg = Debug|Any CPU
		{DFEF267C-C430-4609-99F4-575239F4F8B6}.Debug|Any CPU.Build.0 = Debug|Any CPU
		{DFEF267C-C430-4609-99F4-575239F4F8B6}.Release|Any CPU.ActiveCfg = Release|Any CPU
		{DFEF267C-C430-4609-99F4-575239F4F8B6}.Release|Any CPU.Build.0 = Release|Any CPU
	EndGlobalSection
	GlobalSection(SolutionProperties) = preSolution
		HideSolutionNode = FALSE
	EndGlobalSection
	GlobalSection(ExtensibilityGlobals) = postSolution
		SolutionGuid = {F1D939A3-A172-491B-B688-5B0CD33FD873}
	EndGlobalSection
EndGlobal
